// !$*UTF8*$!
{
	archiveVersion = 1;
	classes = {
	};
	objectVersion = 46;
	objects = {

/* Begin PBXBuildFile section */
		5BAC51D41C6F67510098B9C8 /* Assets.xcassets in Resources */ = {isa = PBXBuildFile; fileRef = 5BAC51D21C6F67510098B9C8 /* Assets.xcassets */; };
		5BAC51D81C6F67A90098B9C8 /* LaunchScreen.storyboard in Resources */ = {isa = PBXBuildFile; fileRef = 5BAC51D61C6F67A90098B9C8 /* LaunchScreen.storyboard */; };
		5BAC51DB1C6F68430098B9C8 /* ContestsViewController.swift in Sources */ = {isa = PBXBuildFile; fileRef = 5BAC51DA1C6F68430098B9C8 /* ContestsViewController.swift */; };
		5BC71F131C6F5F66005E90C8 /* AppDelegate.swift in Sources */ = {isa = PBXBuildFile; fileRef = 5BC71F121C6F5F66005E90C8 /* AppDelegate.swift */; };
		5BC71F281C6F5F66005E90C8 /* JumuNordostTests.swift in Sources */ = {isa = PBXBuildFile; fileRef = 5BC71F271C6F5F66005E90C8 /* JumuNordostTests.swift */; };
/* End PBXBuildFile section */

/* Begin PBXContainerItemProxy section */
		5BC71F241C6F5F66005E90C8 /* PBXContainerItemProxy */ = {
			isa = PBXContainerItemProxy;
			containerPortal = 5BC71F071C6F5F66005E90C8 /* Project object */;
			proxyType = 1;
			remoteGlobalIDString = 5BC71F0E1C6F5F66005E90C8;
			remoteInfo = JumuNordost;
		};
/* End PBXContainerItemProxy section */

/* Begin PBXFileReference section */
		5BAC51D21C6F67510098B9C8 /* Assets.xcassets */ = {isa = PBXFileReference; lastKnownFileType = folder.assetcatalog; path = Assets.xcassets; sourceTree = "<group>"; };
		5BAC51D71C6F67A90098B9C8 /* Base */ = {isa = PBXFileReference; lastKnownFileType = file.storyboard; name = Base; path = Base.lproj/LaunchScreen.storyboard; sourceTree = "<group>"; };
		5BAC51DA1C6F68430098B9C8 /* ContestsViewController.swift */ = {isa = PBXFileReference; fileEncoding = 4; lastKnownFileType = sourcecode.swift; path = ContestsViewController.swift; sourceTree = "<group>"; };
		5BC71F0F1C6F5F66005E90C8 /* JumuNordost.app */ = {isa = PBXFileReference; explicitFileType = wrapper.application; includeInIndex = 0; path = JumuNordost.app; sourceTree = BUILT_PRODUCTS_DIR; };
		5BC71F121C6F5F66005E90C8 /* AppDelegate.swift */ = {isa = PBXFileReference; lastKnownFileType = sourcecode.swift; path = AppDelegate.swift; sourceTree = "<group>"; };
		5BC71F1E1C6F5F66005E90C8 /* Info.plist */ = {isa = PBXFileReference; lastKnownFileType = text.plist.xml; path = Info.plist; sourceTree = "<group>"; };
		5BC71F231C6F5F66005E90C8 /* JumuNordostTests.xctest */ = {isa = PBXFileReference; explicitFileType = wrapper.cfbundle; includeInIndex = 0; path = JumuNordostTests.xctest; sourceTree = BUILT_PRODUCTS_DIR; };
		5BC71F271C6F5F66005E90C8 /* JumuNordostTests.swift */ = {isa = PBXFileReference; lastKnownFileType = sourcecode.swift; path = JumuNordostTests.swift; sourceTree = "<group>"; };
		5BC71F291C6F5F66005E90C8 /* Info.plist */ = {isa = PBXFileReference; lastKnownFileType = text.plist.xml; path = Info.plist; sourceTree = "<group>"; };
/* End PBXFileReference section */

/* Begin PBXFrameworksBuildPhase section */
		5BC71F0C1C6F5F66005E90C8 /* Frameworks */ = {
			isa = PBXFrameworksBuildPhase;
			buildActionMask = 2147483647;
			files = (
			);
			runOnlyForDeploymentPostprocessing = 0;
		};
		5BC71F201C6F5F66005E90C8 /* Frameworks */ = {
			isa = PBXFrameworksBuildPhase;
			buildActionMask = 2147483647;
			files = (
			);
			runOnlyForDeploymentPostprocessing = 0;
		};
/* End PBXFrameworksBuildPhase section */

/* Begin PBXGroup section */
		5BAC51D01C6F67030098B9C8 /* Resources */ = {
			isa = PBXGroup;
			children = (
				5BAC51D21C6F67510098B9C8 /* Assets.xcassets */,
				5BAC51D61C6F67A90098B9C8 /* LaunchScreen.storyboard */,
			);
			path = Resources;
			sourceTree = "<group>";
		};
		5BAC51D91C6F680E0098B9C8 /* Application */ = {
			isa = PBXGroup;
			children = (
				5BAC51DA1C6F68430098B9C8 /* ContestsViewController.swift */,
			);
			path = Application;
			sourceTree = "<group>";
		};
		5BC71F061C6F5F66005E90C8 = {
			isa = PBXGroup;
			children = (
				5BC71F111C6F5F66005E90C8 /* JumuNordost */,
				5BC71F261C6F5F66005E90C8 /* JumuNordostTests */,
				5BC71F101C6F5F66005E90C8 /* Products */,
			);
			sourceTree = "<group>";
		};
		5BC71F101C6F5F66005E90C8 /* Products */ = {
			isa = PBXGroup;
			children = (
				5BC71F0F1C6F5F66005E90C8 /* JumuNordost.app */,
				5BC71F231C6F5F66005E90C8 /* JumuNordostTests.xctest */,
			);
			name = Products;
			sourceTree = "<group>";
		};
		5BC71F111C6F5F66005E90C8 /* JumuNordost */ = {
			isa = PBXGroup;
			children = (
				5BC71F121C6F5F66005E90C8 /* AppDelegate.swift */,
				5BC71F1E1C6F5F66005E90C8 /* Info.plist */,
				5BAC51D91C6F680E0098B9C8 /* Application */,
				5BAC51D01C6F67030098B9C8 /* Resources */,
			);
			path = JumuNordost;
			sourceTree = "<group>";
		};
		5BC71F261C6F5F66005E90C8 /* JumuNordostTests */ = {
			isa = PBXGroup;
			children = (
				5BC71F271C6F5F66005E90C8 /* JumuNordostTests.swift */,
				5BC71F291C6F5F66005E90C8 /* Info.plist */,
			);
			path = JumuNordostTests;
			sourceTree = "<group>";
		};
/* End PBXGroup section */

/* Begin PBXNativeTarget section */
		5BC71F0E1C6F5F66005E90C8 /* JumuNordost */ = {
			isa = PBXNativeTarget;
			buildConfigurationList = 5BC71F2C1C6F5F66005E90C8 /* Build configuration list for PBXNativeTarget "JumuNordost" */;
			buildPhases = (
				5BC71F0B1C6F5F66005E90C8 /* Sources */,
				5BC71F0C1C6F5F66005E90C8 /* Frameworks */,
				5BC71F0D1C6F5F66005E90C8 /* Resources */,
			);
			buildRules = (
			);
			dependencies = (
			);
			name = JumuNordost;
			productName = JumuNordost;
			productReference = 5BC71F0F1C6F5F66005E90C8 /* JumuNordost.app */;
			productType = "com.apple.product-type.application";
		};
		5BC71F221C6F5F66005E90C8 /* JumuNordostTests */ = {
			isa = PBXNativeTarget;
			buildConfigurationList = 5BC71F2F1C6F5F66005E90C8 /* Build configuration list for PBXNativeTarget "JumuNordostTests" */;
			buildPhases = (
				5BC71F1F1C6F5F66005E90C8 /* Sources */,
				5BC71F201C6F5F66005E90C8 /* Frameworks */,
				5BC71F211C6F5F66005E90C8 /* Resources */,
			);
			buildRules = (
			);
			dependencies = (
				5BC71F251C6F5F66005E90C8 /* PBXTargetDependency */,
			);
			name = JumuNordostTests;
			productName = JumuNordostTests;
			productReference = 5BC71F231C6F5F66005E90C8 /* JumuNordostTests.xctest */;
			productType = "com.apple.product-type.bundle.unit-test";
		};
/* End PBXNativeTarget section */

/* Begin PBXProject section */
		5BC71F071C6F5F66005E90C8 /* Project object */ = {
			isa = PBXProject;
			attributes = {
				LastSwiftUpdateCheck = 0720;
				LastUpgradeCheck = 0720;
				ORGANIZATIONNAME = "Martin Richter";
				TargetAttributes = {
					5BC71F0E1C6F5F66005E90C8 = {
						CreatedOnToolsVersion = 7.2.1;
					};
					5BC71F221C6F5F66005E90C8 = {
						CreatedOnToolsVersion = 7.2.1;
						TestTargetID = 5BC71F0E1C6F5F66005E90C8;
					};
				};
			};
			buildConfigurationList = 5BC71F0A1C6F5F66005E90C8 /* Build configuration list for PBXProject "JumuNordost" */;
			compatibilityVersion = "Xcode 3.2";
			developmentRegion = English;
			hasScannedForEncodings = 0;
			knownRegions = (
				en,
				Base,
			);
			mainGroup = 5BC71F061C6F5F66005E90C8;
			productRefGroup = 5BC71F101C6F5F66005E90C8 /* Products */;
			projectDirPath = "";
			projectRoot = "";
			targets = (
				5BC71F0E1C6F5F66005E90C8 /* JumuNordost */,
				5BC71F221C6F5F66005E90C8 /* JumuNordostTests */,
			);
		};
/* End PBXProject section */

/* Begin PBXResourcesBuildPhase section */
		5BC71F0D1C6F5F66005E90C8 /* Resources */ = {
			isa = PBXResourcesBuildPhase;
			buildActionMask = 2147483647;
			files = (
				5BAC51D41C6F67510098B9C8 /* Assets.xcassets in Resources */,
				5BAC51D81C6F67A90098B9C8 /* LaunchScreen.storyboard in Resources */,
			);
			runOnlyForDeploymentPostprocessing = 0;
		};
		5BC71F211C6F5F66005E90C8 /* Resources */ = {
			isa = PBXResourcesBuildPhase;
			buildActionMask = 2147483647;
			files = (
			);
			runOnlyForDeploymentPostprocessing = 0;
		};
/* End PBXResourcesBuildPhase section */

/* Begin PBXSourcesBuildPhase section */
		5BC71F0B1C6F5F66005E90C8 /* Sources */ = {
			isa = PBXSourcesBuildPhase;
			buildActionMask = 2147483647;
			files = (
				5BC71F131C6F5F66005E90C8 /* AppDelegate.swift in Sources */,
				5BAC51DB1C6F68430098B9C8 /* ContestsViewController.swift in Sources */,
			);
			runOnlyForDeploymentPostprocessing = 0;
		};
		5BC71F1F1C6F5F66005E90C8 /* Sources */ = {
			isa = PBXSourcesBuildPhase;
			buildActionMask = 2147483647;
			files = (
				5BC71F281C6F5F66005E90C8 /* JumuNordostTests.swift in Sources */,
			);
			runOnlyForDeploymentPostprocessing = 0;
		};
/* End PBXSourcesBuildPhase section */

/* Begin PBXTargetDependency section */
		5BC71F251C6F5F66005E90C8 /* PBXTargetDependency */ = {
			isa = PBXTargetDependency;
			target = 5BC71F0E1C6F5F66005E90C8 /* JumuNordost */;
			targetProxy = 5BC71F241C6F5F66005E90C8 /* PBXContainerItemProxy */;
		};
/* End PBXTargetDependency section */

/* Begin PBXVariantGroup section */
		5BAC51D61C6F67A90098B9C8 /* LaunchScreen.storyboard */ = {
			isa = PBXVariantGroup;
			children = (
				5BAC51D71C6F67A90098B9C8 /* Base */,
			);
			name = LaunchScreen.storyboard;
			sourceTree = "<group>";
		};
/* End PBXVariantGroup section */

/* Begin XCBuildConfiguration section */
		5BC71F2A1C6F5F66005E90C8 /* Debug */ = {
			isa = XCBuildConfiguration;
			buildSettings = {
				ALWAYS_SEARCH_USER_PATHS = NO;
				CLANG_CXX_LANGUAGE_STANDARD = "gnu++0x";
				CLANG_CXX_LIBRARY = "libc++";
				CLANG_ENABLE_MODULES = YES;
				CLANG_ENABLE_OBJC_ARC = YES;
				CLANG_WARN_BOOL_CONVERSION = YES;
				CLANG_WARN_CONSTANT_CONVERSION = YES;
				CLANG_WARN_DIRECT_OBJC_ISA_USAGE = YES_ERROR;
				CLANG_WARN_EMPTY_BODY = YES;
				CLANG_WARN_ENUM_CONVERSION = YES;
				CLANG_WARN_INT_CONVERSION = YES;
				CLANG_WARN_OBJC_ROOT_CLASS = YES_ERROR;
				CLANG_WARN_UNREACHABLE_CODE = YES;
				CLANG_WARN__DUPLICATE_METHOD_MATCH = YES;
				"CODE_SIGN_IDENTITY[sdk=iphoneos*]" = "iPhone Developer";
				COPY_PHASE_STRIP = NO;
				DEBUG_INFORMATION_FORMAT = dwarf;
				ENABLE_STRICT_OBJC_MSGSEND = YES;
				ENABLE_TESTABILITY = YES;
				GCC_C_LANGUAGE_STANDARD = gnu99;
				GCC_DYNAMIC_NO_PIC = NO;
				GCC_NO_COMMON_BLOCKS = YES;
				GCC_OPTIMIZATION_LEVEL = 0;
				GCC_PREPROCESSOR_DEFINITIONS = (
					"DEBUG=1",
					"$(inherited)",
				);
				GCC_WARN_64_TO_32_BIT_CONVERSION = YES;
				GCC_WARN_ABOUT_RETURN_TYPE = YES_ERROR;
				GCC_WARN_UNDECLARED_SELECTOR = YES;
				GCC_WARN_UNINITIALIZED_AUTOS = YES_AGGRESSIVE;
				GCC_WARN_UNUSED_FUNCTION = YES;
				GCC_WARN_UNUSED_VARIABLE = YES;
				IPHONEOS_DEPLOYMENT_TARGET = 9.2;
				MTL_ENABLE_DEBUG_INFO = YES;
				ONLY_ACTIVE_ARCH = YES;
				SDKROOT = iphoneos;
				SWIFT_OPTIMIZATION_LEVEL = "-Onone";
			};
			name = Debug;
		};
		5BC71F2B1C6F5F66005E90C8 /* Release */ = {
			isa = XCBuildConfiguration;
			buildSettings = {
				ALWAYS_SEARCH_USER_PATHS = NO;
				CLANG_CXX_LANGUAGE_STANDARD = "gnu++0x";
				CLANG_CXX_LIBRARY = "libc++";
				CLANG_ENABLE_MODULES = YES;
				CLANG_ENABLE_OBJC_ARC = YES;
				CLANG_WARN_BOOL_CONVERSION = YES;
				CLANG_WARN_CONSTANT_CONVERSION = YES;
				CLANG_WARN_DIRECT_OBJC_ISA_USAGE = YES_ERROR;
				CLANG_WARN_EMPTY_BODY = YES;
				CLANG_WARN_ENUM_CONVERSION = YES;
				CLANG_WARN_INT_CONVERSION = YES;
				CLANG_WARN_OBJC_ROOT_CLASS = YES_ERROR;
				CLANG_WARN_UNREACHABLE_CODE = YES;
				CLANG_WARN__DUPLICATE_METHOD_MATCH = YES;
				"CODE_SIGN_IDENTITY[sdk=iphoneos*]" = "iPhone Developer";
				COPY_PHASE_STRIP = NO;
				DEBUG_INFORMATION_FORMAT = "dwarf-with-dsym";
				ENABLE_NS_ASSERTIONS = NO;
				ENABLE_STRICT_OBJC_MSGSEND = YES;
				GCC_C_LANGUAGE_STANDARD = gnu99;
				GCC_NO_COMMON_BLOCKS = YES;
				GCC_WARN_64_TO_32_BIT_CONVERSION = YES;
				GCC_WARN_ABOUT_RETURN_TYPE = YES_ERROR;
				GCC_WARN_UNDECLARED_SELECTOR = YES;
				GCC_WARN_UNINITIALIZED_AUTOS = YES_AGGRESSIVE;
				GCC_WARN_UNUSED_FUNCTION = YES;
				GCC_WARN_UNUSED_VARIABLE = YES;
				IPHONEOS_DEPLOYMENT_TARGET = 9.2;
				MTL_ENABLE_DEBUG_INFO = NO;
				SDKROOT = iphoneos;
				VALIDATE_PRODUCT = YES;
			};
			name = Release;
		};
		5BC71F2D1C6F5F66005E90C8 /* Debug */ = {
			isa = XCBuildConfiguration;
			buildSettings = {
				ASSETCATALOG_COMPILER_APPICON_NAME = AppIcon;
				INFOPLIST_FILE = JumuNordost/Info.plist;
				LD_RUNPATH_SEARCH_PATHS = "$(inherited) @executable_path/Frameworks";
				PRODUCT_BUNDLE_IDENTIFIER = "net.martinrichter.jumu-nordost";
				PRODUCT_NAME = "$(TARGET_NAME)";
			};
			name = Debug;
		};
		5BC71F2E1C6F5F66005E90C8 /* Release */ = {
			isa = XCBuildConfiguration;
			buildSettings = {
				ASSETCATALOG_COMPILER_APPICON_NAME = AppIcon;
				INFOPLIST_FILE = JumuNordost/Info.plist;
				LD_RUNPATH_SEARCH_PATHS = "$(inherited) @executable_path/Frameworks";
				PRODUCT_BUNDLE_IDENTIFIER = "net.martinrichter.jumu-nordost";
				PRODUCT_NAME = "$(TARGET_NAME)";
			};
			name = Release;
		};
		5BC71F301C6F5F66005E90C8 /* Debug */ = {
			isa = XCBuildConfiguration;
			buildSettings = {
				BUNDLE_LOADER = "$(TEST_HOST)";
				INFOPLIST_FILE = JumuNordostTests/Info.plist;
				LD_RUNPATH_SEARCH_PATHS = "$(inherited) @executable_path/Frameworks @loader_path/Frameworks";
				PRODUCT_BUNDLE_IDENTIFIER = net.martinrichter.JumuNordostTests;
				PRODUCT_NAME = "$(TARGET_NAME)";
				TEST_HOST = "$(BUILT_PRODUCTS_DIR)/JumuNordost.app/JumuNordost";
			};
			name = Debug;
		};
		5BC71F311C6F5F66005E90C8 /* Release */ = {
			isa = XCBuildConfiguration;
			buildSettings = {
				BUNDLE_LOADER = "$(TEST_HOST)";
				INFOPLIST_FILE = JumuNordostTests/Info.plist;
				LD_RUNPATH_SEARCH_PATHS = "$(inherited) @executable_path/Frameworks @loader_path/Frameworks";
				PRODUCT_BUNDLE_IDENTIFIER = net.martinrichter.JumuNordostTests;
				PRODUCT_NAME = "$(TARGET_NAME)";
				TEST_HOST = "$(BUILT_PRODUCTS_DIR)/JumuNordost.app/JumuNordost";
			};
			name = Release;
		};
/* End XCBuildConfiguration section */

/* Begin XCConfigurationList section */
		5BC71F0A1C6F5F66005E90C8 /* Build configuration list for PBXProject "JumuNordost" */ = {
			isa = XCConfigurationList;
			buildConfigurations = (
				5BC71F2A1C6F5F66005E90C8 /* Debug */,
				5BC71F2B1C6F5F66005E90C8 /* Release */,
			);
			defaultConfigurationIsVisible = 0;
			defaultConfigurationName = Release;
		};
		5BC71F2C1C6F5F66005E90C8 /* Build configuration list for PBXNativeTarget "JumuNordost" */ = {
			isa = XCConfigurationList;
			buildConfigurations = (
				5BC71F2D1C6F5F66005E90C8 /* Debug */,
				5BC71F2E1C6F5F66005E90C8 /* Release */,
			);
			defaultConfigurationIsVisible = 0;
			defaultConfigurationName = Release;
		};
		5BC71F2F1C6F5F66005E90C8 /* Build configuration list for PBXNativeTarget "JumuNordostTests" */ = {
			isa = XCConfigurationList;
			buildConfigurations = (
				5BC71F301C6F5F66005E90C8 /* Debug */,
				5BC71F311C6F5F66005E90C8 /* Release */,
			);
			defaultConfigurationIsVisible = 0;
			defaultConfigurationName = Release;
		};
/* End XCConfigurationList section */
	};
	rootObject = 5BC71F071C6F5F66005E90C8 /* Project object */;
}
