// !$*UTF8*$!
{
	archiveVersion = 1;
	classes = {
	};
	objectVersion = 46;
	objects = {

/* Begin PBXBuildFile section */
		0FDAC7671E28B2DA00C175C5 /* ContestCategory.swift in Sources */ = {isa = PBXBuildFile; fileRef = 0FDAC7661E28B2DA00C175C5 /* ContestCategory.swift */; };
		0FDAC7691E28B3F600C175C5 /* ContestCategoryCell.swift in Sources */ = {isa = PBXBuildFile; fileRef = 0FDAC7681E28B3F600C175C5 /* ContestCategoryCell.swift */; };
		5B2B5B7C1C7D0EF6002E576F /* Piece.swift in Sources */ = {isa = PBXBuildFile; fileRef = 5B2B5B7B1C7D0EF6002E576F /* Piece.swift */; };
		5B2B5B7E1C7D1713002E576F /* PerformanceView.swift in Sources */ = {isa = PBXBuildFile; fileRef = 5B2B5B7D1C7D1713002E576F /* PerformanceView.swift */; };
		5B2B5B801C7D1746002E576F /* Label.swift in Sources */ = {isa = PBXBuildFile; fileRef = 5B2B5B7F1C7D1746002E576F /* Label.swift */; };
		5B6BA2C81E21118A0063252C /* RootViewController.swift in Sources */ = {isa = PBXBuildFile; fileRef = 5B6BA2C71E21118A0063252C /* RootViewController.swift */; };
		5B6BA2CA1E21564C0063252C /* RootMediator.swift in Sources */ = {isa = PBXBuildFile; fileRef = 5B6BA2C91E21564C0063252C /* RootMediator.swift */; };
		5B6BA2CD1E2193740063252C /* ResultListMediator.swift in Sources */ = {isa = PBXBuildFile; fileRef = 5B6BA2CC1E2193740063252C /* ResultListMediator.swift */; };
		5B6BA2CF1E2193890063252C /* ResultListViewController.swift in Sources */ = {isa = PBXBuildFile; fileRef = 5B6BA2CE1E2193890063252C /* ResultListViewController.swift */; };
		5B7F1C291C8B6E7F003BBFC8 /* Credentials.plist in Resources */ = {isa = PBXBuildFile; fileRef = 5B7F1C281C8B6E7F003BBFC8 /* Credentials.plist */; };
		5B7F1C2B1C8B6F36003BBFC8 /* Credentials.swift in Sources */ = {isa = PBXBuildFile; fileRef = 5B7F1C2A1C8B6F36003BBFC8 /* Credentials.swift */; };
		5B843C701C71104200048552 /* PerformanceListMediator.swift in Sources */ = {isa = PBXBuildFile; fileRef = 5B843C6F1C71104200048552 /* PerformanceListMediator.swift */; };
		5B843C741C7110A600048552 /* Mediator.swift in Sources */ = {isa = PBXBuildFile; fileRef = 5B843C731C7110A600048552 /* Mediator.swift */; };
		5B843C761C71167700048552 /* Performance.swift in Sources */ = {isa = PBXBuildFile; fileRef = 5B843C751C71167700048552 /* Performance.swift */; };
		5B843C781C71179400048552 /* Curry.framework in Frameworks */ = {isa = PBXBuildFile; fileRef = 5B843C771C71179400048552 /* Curry.framework */; };
		5B843C7A1C7119DD00048552 /* PerformanceListViewController.swift in Sources */ = {isa = PBXBuildFile; fileRef = 5B843C791C7119DD00048552 /* PerformanceListViewController.swift */; };
		5B843C801C77CED400048552 /* Color.swift in Sources */ = {isa = PBXBuildFile; fileRef = 5B843C7F1C77CED400048552 /* Color.swift */; };
		5B843C821C787CC300048552 /* PerformanceFilterView.swift in Sources */ = {isa = PBXBuildFile; fileRef = 5B843C811C787CC300048552 /* PerformanceFilterView.swift */; };
		5B843C841C78836800048552 /* Cartography.framework in Frameworks */ = {isa = PBXBuildFile; fileRef = 5B843C831C78836800048552 /* Cartography.framework */; };
		5B843C8B1C79CA8D00048552 /* Localizable.strings in Resources */ = {isa = PBXBuildFile; fileRef = 5B843C8D1C79CA8D00048552 /* Localizable.strings */; };
		5B843C921C79DCAA00048552 /* PerformanceCell.swift in Sources */ = {isa = PBXBuildFile; fileRef = 5B843C911C79DCAA00048552 /* PerformanceCell.swift */; };
		5B843C941C7A02CE00048552 /* Decodables.swift in Sources */ = {isa = PBXBuildFile; fileRef = 5B843C931C7A02CE00048552 /* Decodables.swift */; };
		5B843C971C7A408E00048552 /* PerformanceViewController.swift in Sources */ = {isa = PBXBuildFile; fileRef = 5B843C961C7A408E00048552 /* PerformanceViewController.swift */; };
		5B843C991C7A40B400048552 /* PerformanceMediator.swift in Sources */ = {isa = PBXBuildFile; fileRef = 5B843C981C7A40B400048552 /* PerformanceMediator.swift */; };
		5B843C9B1C7A438C00048552 /* Appearance.swift in Sources */ = {isa = PBXBuildFile; fileRef = 5B843C9A1C7A438C00048552 /* Appearance.swift */; };
		5B843CA51C7B5AC600048552 /* Fonts in Resources */ = {isa = PBXBuildFile; fileRef = 5B843CA41C7B5AC600048552 /* Fonts */; };
		5B843CA71C7B5E3300048552 /* Font.swift in Sources */ = {isa = PBXBuildFile; fileRef = 5B843CA61C7B5E3300048552 /* Font.swift */; };
		5B9B7F131C87972800ED33C2 /* ContentListHeaderView.swift in Sources */ = {isa = PBXBuildFile; fileRef = 5B9B7F121C87972800ED33C2 /* ContentListHeaderView.swift */; };
		5BA61A091C7BD2FC0055E5DC /* String.swift in Sources */ = {isa = PBXBuildFile; fileRef = 5BA61A081C7BD2FC0055E5DC /* String.swift */; };
		5BAC51D41C6F67510098B9C8 /* Assets.xcassets in Resources */ = {isa = PBXBuildFile; fileRef = 5BAC51D21C6F67510098B9C8 /* Assets.xcassets */; };
		5BAC51D81C6F67A90098B9C8 /* LaunchScreen.storyboard in Resources */ = {isa = PBXBuildFile; fileRef = 5BAC51D61C6F67A90098B9C8 /* LaunchScreen.storyboard */; };
		5BAC51DB1C6F68430098B9C8 /* ContestListViewController.swift in Sources */ = {isa = PBXBuildFile; fileRef = 5BAC51DA1C6F68430098B9C8 /* ContestListViewController.swift */; };
		5BAC51E31C6F6D650098B9C8 /* Constant.swift in Sources */ = {isa = PBXBuildFile; fileRef = 5BAC51E21C6F6D650098B9C8 /* Constant.swift */; };
		5BAC51E61C6F6D9E0098B9C8 /* Contest.swift in Sources */ = {isa = PBXBuildFile; fileRef = 5BAC51E51C6F6D9E0098B9C8 /* Contest.swift */; };
		5BAC51E81C6F6DD40098B9C8 /* Store.swift in Sources */ = {isa = PBXBuildFile; fileRef = 5BAC51E71C6F6DD40098B9C8 /* Store.swift */; };
		5BAC51EA1C6F71A80098B9C8 /* ContestListMediator.swift in Sources */ = {isa = PBXBuildFile; fileRef = 5BAC51E91C6F71A80098B9C8 /* ContestListMediator.swift */; };
		5BAC51EC1C6F77320098B9C8 /* Venue.swift in Sources */ = {isa = PBXBuildFile; fileRef = 5BAC51EB1C6F77320098B9C8 /* Venue.swift */; };
		5BAC51F51C6F7C450098B9C8 /* Argo.framework in Frameworks */ = {isa = PBXBuildFile; fileRef = 5BAC51F41C6F7C450098B9C8 /* Argo.framework */; };
		5BAC51F81C6FEDF00098B9C8 /* StoreType.swift in Sources */ = {isa = PBXBuildFile; fileRef = 5BAC51F71C6FEDF00098B9C8 /* StoreType.swift */; };
		5BAC51FB1C6FF0350098B9C8 /* ReactiveCocoa.framework in Frameworks */ = {isa = PBXBuildFile; fileRef = 5BAC51F91C6FF0350098B9C8 /* ReactiveCocoa.framework */; };
		5BAC51FC1C6FF0350098B9C8 /* Result.framework in Frameworks */ = {isa = PBXBuildFile; fileRef = 5BAC51FA1C6FF0350098B9C8 /* Result.framework */; };
		5BAC51FE1C70D8820098B9C8 /* ContestCell.swift in Sources */ = {isa = PBXBuildFile; fileRef = 5BAC51FD1C70D8820098B9C8 /* ContestCell.swift */; };
		5BAC52001C70E4E80098B9C8 /* Localization.swift in Sources */ = {isa = PBXBuildFile; fileRef = 5BAC51FF1C70E4E80098B9C8 /* Localization.swift */; };
		5BC06AC41C81CBD5007A9026 /* PerformanceFormatter.swift in Sources */ = {isa = PBXBuildFile; fileRef = 5BC06AC31C81CBD5007A9026 /* PerformanceFormatter.swift */; };
		5BC06AC61C81CEF2007A9026 /* PieceView.swift in Sources */ = {isa = PBXBuildFile; fileRef = 5BC06AC51C81CEF2007A9026 /* PieceView.swift */; };
		5BC06AC81C81CFBC007A9026 /* PieceFormatter.swift in Sources */ = {isa = PBXBuildFile; fileRef = 5BC06AC71C81CFBC007A9026 /* PieceFormatter.swift */; };
		5BC06ACA1C81E061007A9026 /* SeparatorView.swift in Sources */ = {isa = PBXBuildFile; fileRef = 5BC06AC91C81E061007A9026 /* SeparatorView.swift */; };
		5BC71F131C6F5F66005E90C8 /* AppDelegate.swift in Sources */ = {isa = PBXBuildFile; fileRef = 5BC71F121C6F5F66005E90C8 /* AppDelegate.swift */; };
		5BC71F281C6F5F66005E90C8 /* JumuNordostTests.swift in Sources */ = {isa = PBXBuildFile; fileRef = 5BC71F271C6F5F66005E90C8 /* JumuNordostTests.swift */; };
		5BC848EC1C7E66F800D4CA43 /* ListPerformanceFormatter.swift in Sources */ = {isa = PBXBuildFile; fileRef = 5BC848EB1C7E66F800D4CA43 /* ListPerformanceFormatter.swift */; };
		5BC848EE1C7E6A9000D4CA43 /* ContestFormatter.swift in Sources */ = {isa = PBXBuildFile; fileRef = 5BC848ED1C7E6A9000D4CA43 /* ContestFormatter.swift */; };
		5BDEDE261C8646E300F1F1E1 /* AppearanceFormatter.swift in Sources */ = {isa = PBXBuildFile; fileRef = 5BDEDE251C8646E300F1F1E1 /* AppearanceFormatter.swift */; };
		5BF7D2221C8B4030009A4696 /* UIViewController.swift in Sources */ = {isa = PBXBuildFile; fileRef = 5BF7D2211C8B4030009A4696 /* UIViewController.swift */; };
		5BFA75FD1C87B4D900EF8B5C /* Changeset.swift in Sources */ = {isa = PBXBuildFile; fileRef = 5BFA75FC1C87B4D900EF8B5C /* Changeset.swift */; };
		5BFA75FF1C87B4F700EF8B5C /* Array.swift in Sources */ = {isa = PBXBuildFile; fileRef = 5BFA75FE1C87B4F700EF8B5C /* Array.swift */; };
		5BFA76011C87BB4B00EF8B5C /* UITableView.swift in Sources */ = {isa = PBXBuildFile; fileRef = 5BFA76001C87BB4B00EF8B5C /* UITableView.swift */; };
		5BFA76031C8A42A100EF8B5C /* DZNEmptyDataSet.framework in Frameworks */ = {isa = PBXBuildFile; fileRef = 5BFA76021C8A42A100EF8B5C /* DZNEmptyDataSet.framework */; };
/* End PBXBuildFile section */

/* Begin PBXContainerItemProxy section */
		5BC71F241C6F5F66005E90C8 /* PBXContainerItemProxy */ = {
			isa = PBXContainerItemProxy;
			containerPortal = 5BC71F071C6F5F66005E90C8 /* Project object */;
			proxyType = 1;
			remoteGlobalIDString = 5BC71F0E1C6F5F66005E90C8;
			remoteInfo = JumuNordost;
		};
/* End PBXContainerItemProxy section */

/* Begin PBXFileReference section */
		0FDAC7661E28B2DA00C175C5 /* ContestCategory.swift */ = {isa = PBXFileReference; fileEncoding = 4; lastKnownFileType = sourcecode.swift; path = ContestCategory.swift; sourceTree = "<group>"; };
		0FDAC7681E28B3F600C175C5 /* ContestCategoryCell.swift */ = {isa = PBXFileReference; fileEncoding = 4; lastKnownFileType = sourcecode.swift; path = ContestCategoryCell.swift; sourceTree = "<group>"; };
		5B2B5B7B1C7D0EF6002E576F /* Piece.swift */ = {isa = PBXFileReference; fileEncoding = 4; lastKnownFileType = sourcecode.swift; path = Piece.swift; sourceTree = "<group>"; };
		5B2B5B7D1C7D1713002E576F /* PerformanceView.swift */ = {isa = PBXFileReference; fileEncoding = 4; lastKnownFileType = sourcecode.swift; path = PerformanceView.swift; sourceTree = "<group>"; };
		5B2B5B7F1C7D1746002E576F /* Label.swift */ = {isa = PBXFileReference; fileEncoding = 4; lastKnownFileType = sourcecode.swift; path = Label.swift; sourceTree = "<group>"; };
		5B6BA2C71E21118A0063252C /* RootViewController.swift */ = {isa = PBXFileReference; fileEncoding = 4; lastKnownFileType = sourcecode.swift; path = RootViewController.swift; sourceTree = "<group>"; };
		5B6BA2C91E21564C0063252C /* RootMediator.swift */ = {isa = PBXFileReference; fileEncoding = 4; lastKnownFileType = sourcecode.swift; path = RootMediator.swift; sourceTree = "<group>"; };
		5B6BA2CC1E2193740063252C /* ResultListMediator.swift */ = {isa = PBXFileReference; fileEncoding = 4; lastKnownFileType = sourcecode.swift; path = ResultListMediator.swift; sourceTree = "<group>"; };
		5B6BA2CE1E2193890063252C /* ResultListViewController.swift */ = {isa = PBXFileReference; fileEncoding = 4; lastKnownFileType = sourcecode.swift; path = ResultListViewController.swift; sourceTree = "<group>"; };
		5B7F1C281C8B6E7F003BBFC8 /* Credentials.plist */ = {isa = PBXFileReference; fileEncoding = 4; lastKnownFileType = text.plist.xml; path = Credentials.plist; sourceTree = "<group>"; };
		5B7F1C2A1C8B6F36003BBFC8 /* Credentials.swift */ = {isa = PBXFileReference; fileEncoding = 4; lastKnownFileType = sourcecode.swift; path = Credentials.swift; sourceTree = "<group>"; };
		5B843C6F1C71104200048552 /* PerformanceListMediator.swift */ = {isa = PBXFileReference; fileEncoding = 4; lastKnownFileType = sourcecode.swift; path = PerformanceListMediator.swift; sourceTree = "<group>"; };
		5B843C731C7110A600048552 /* Mediator.swift */ = {isa = PBXFileReference; fileEncoding = 4; lastKnownFileType = sourcecode.swift; path = Mediator.swift; sourceTree = "<group>"; };
		5B843C751C71167700048552 /* Performance.swift */ = {isa = PBXFileReference; fileEncoding = 4; lastKnownFileType = sourcecode.swift; path = Performance.swift; sourceTree = "<group>"; };
		5B843C771C71179400048552 /* Curry.framework */ = {isa = PBXFileReference; lastKnownFileType = wrapper.framework; name = Curry.framework; path = Carthage/Build/iOS/Curry.framework; sourceTree = "<group>"; };
		5B843C791C7119DD00048552 /* PerformanceListViewController.swift */ = {isa = PBXFileReference; fileEncoding = 4; lastKnownFileType = sourcecode.swift; path = PerformanceListViewController.swift; sourceTree = "<group>"; };
		5B843C7F1C77CED400048552 /* Color.swift */ = {isa = PBXFileReference; fileEncoding = 4; lastKnownFileType = sourcecode.swift; path = Color.swift; sourceTree = "<group>"; };
		5B843C811C787CC300048552 /* PerformanceFilterView.swift */ = {isa = PBXFileReference; fileEncoding = 4; lastKnownFileType = sourcecode.swift; path = PerformanceFilterView.swift; sourceTree = "<group>"; };
		5B843C831C78836800048552 /* Cartography.framework */ = {isa = PBXFileReference; lastKnownFileType = wrapper.framework; name = Cartography.framework; path = Carthage/Build/iOS/Cartography.framework; sourceTree = "<group>"; };
		5B843C8E1C79CA9200048552 /* de */ = {isa = PBXFileReference; lastKnownFileType = text.plist.strings; name = de; path = de.lproj/Localizable.strings; sourceTree = "<group>"; };
		5B843C911C79DCAA00048552 /* PerformanceCell.swift */ = {isa = PBXFileReference; fileEncoding = 4; lastKnownFileType = sourcecode.swift; path = PerformanceCell.swift; sourceTree = "<group>"; };
		5B843C931C7A02CE00048552 /* Decodables.swift */ = {isa = PBXFileReference; fileEncoding = 4; lastKnownFileType = sourcecode.swift; path = Decodables.swift; sourceTree = "<group>"; };
		5B843C961C7A408E00048552 /* PerformanceViewController.swift */ = {isa = PBXFileReference; fileEncoding = 4; lastKnownFileType = sourcecode.swift; path = PerformanceViewController.swift; sourceTree = "<group>"; };
		5B843C981C7A40B400048552 /* PerformanceMediator.swift */ = {isa = PBXFileReference; fileEncoding = 4; lastKnownFileType = sourcecode.swift; path = PerformanceMediator.swift; sourceTree = "<group>"; };
		5B843C9A1C7A438C00048552 /* Appearance.swift */ = {isa = PBXFileReference; fileEncoding = 4; lastKnownFileType = sourcecode.swift; path = Appearance.swift; sourceTree = "<group>"; };
		5B843CA41C7B5AC600048552 /* Fonts */ = {isa = PBXFileReference; lastKnownFileType = folder; path = Fonts; sourceTree = "<group>"; };
		5B843CA61C7B5E3300048552 /* Font.swift */ = {isa = PBXFileReference; fileEncoding = 4; lastKnownFileType = sourcecode.swift; path = Font.swift; sourceTree = "<group>"; };
		5B9B7F121C87972800ED33C2 /* ContentListHeaderView.swift */ = {isa = PBXFileReference; fileEncoding = 4; lastKnownFileType = sourcecode.swift; path = ContentListHeaderView.swift; sourceTree = "<group>"; };
		5BA61A081C7BD2FC0055E5DC /* String.swift */ = {isa = PBXFileReference; fileEncoding = 4; lastKnownFileType = sourcecode.swift; path = String.swift; sourceTree = "<group>"; };
		5BAC51D21C6F67510098B9C8 /* Assets.xcassets */ = {isa = PBXFileReference; lastKnownFileType = folder.assetcatalog; path = Assets.xcassets; sourceTree = "<group>"; };
		5BAC51D71C6F67A90098B9C8 /* Base */ = {isa = PBXFileReference; lastKnownFileType = file.storyboard; name = Base; path = Base.lproj/LaunchScreen.storyboard; sourceTree = "<group>"; };
		5BAC51DA1C6F68430098B9C8 /* ContestListViewController.swift */ = {isa = PBXFileReference; fileEncoding = 4; lastKnownFileType = sourcecode.swift; path = ContestListViewController.swift; sourceTree = "<group>"; };
		5BAC51E21C6F6D650098B9C8 /* Constant.swift */ = {isa = PBXFileReference; fileEncoding = 4; lastKnownFileType = sourcecode.swift; path = Constant.swift; sourceTree = "<group>"; };
		5BAC51E51C6F6D9E0098B9C8 /* Contest.swift */ = {isa = PBXFileReference; fileEncoding = 4; lastKnownFileType = sourcecode.swift; path = Contest.swift; sourceTree = "<group>"; };
		5BAC51E71C6F6DD40098B9C8 /* Store.swift */ = {isa = PBXFileReference; fileEncoding = 4; lastKnownFileType = sourcecode.swift; path = Store.swift; sourceTree = "<group>"; };
		5BAC51E91C6F71A80098B9C8 /* ContestListMediator.swift */ = {isa = PBXFileReference; fileEncoding = 4; lastKnownFileType = sourcecode.swift; path = ContestListMediator.swift; sourceTree = "<group>"; };
		5BAC51EB1C6F77320098B9C8 /* Venue.swift */ = {isa = PBXFileReference; fileEncoding = 4; lastKnownFileType = sourcecode.swift; path = Venue.swift; sourceTree = "<group>"; };
		5BAC51F41C6F7C450098B9C8 /* Argo.framework */ = {isa = PBXFileReference; lastKnownFileType = wrapper.framework; name = Argo.framework; path = Carthage/Build/iOS/Argo.framework; sourceTree = "<group>"; };
		5BAC51F71C6FEDF00098B9C8 /* StoreType.swift */ = {isa = PBXFileReference; fileEncoding = 4; lastKnownFileType = sourcecode.swift; path = StoreType.swift; sourceTree = "<group>"; };
		5BAC51F91C6FF0350098B9C8 /* ReactiveCocoa.framework */ = {isa = PBXFileReference; lastKnownFileType = wrapper.framework; name = ReactiveCocoa.framework; path = Carthage/Build/iOS/ReactiveCocoa.framework; sourceTree = "<group>"; };
		5BAC51FA1C6FF0350098B9C8 /* Result.framework */ = {isa = PBXFileReference; lastKnownFileType = wrapper.framework; name = Result.framework; path = Carthage/Build/iOS/Result.framework; sourceTree = "<group>"; };
		5BAC51FD1C70D8820098B9C8 /* ContestCell.swift */ = {isa = PBXFileReference; fileEncoding = 4; lastKnownFileType = sourcecode.swift; path = ContestCell.swift; sourceTree = "<group>"; };
		5BAC51FF1C70E4E80098B9C8 /* Localization.swift */ = {isa = PBXFileReference; fileEncoding = 4; lastKnownFileType = sourcecode.swift; path = Localization.swift; sourceTree = "<group>"; };
		5BC06AC31C81CBD5007A9026 /* PerformanceFormatter.swift */ = {isa = PBXFileReference; fileEncoding = 4; lastKnownFileType = sourcecode.swift; path = PerformanceFormatter.swift; sourceTree = "<group>"; };
		5BC06AC51C81CEF2007A9026 /* PieceView.swift */ = {isa = PBXFileReference; fileEncoding = 4; lastKnownFileType = sourcecode.swift; path = PieceView.swift; sourceTree = "<group>"; };
		5BC06AC71C81CFBC007A9026 /* PieceFormatter.swift */ = {isa = PBXFileReference; fileEncoding = 4; lastKnownFileType = sourcecode.swift; path = PieceFormatter.swift; sourceTree = "<group>"; };
		5BC06AC91C81E061007A9026 /* SeparatorView.swift */ = {isa = PBXFileReference; fileEncoding = 4; lastKnownFileType = sourcecode.swift; path = SeparatorView.swift; sourceTree = "<group>"; };
		5BC71F0F1C6F5F66005E90C8 /* JumuNordost.app */ = {isa = PBXFileReference; explicitFileType = wrapper.application; includeInIndex = 0; path = JumuNordost.app; sourceTree = BUILT_PRODUCTS_DIR; };
		5BC71F121C6F5F66005E90C8 /* AppDelegate.swift */ = {isa = PBXFileReference; lastKnownFileType = sourcecode.swift; path = AppDelegate.swift; sourceTree = "<group>"; };
		5BC71F1E1C6F5F66005E90C8 /* Info.plist */ = {isa = PBXFileReference; lastKnownFileType = text.plist.xml; path = Info.plist; sourceTree = "<group>"; };
		5BC71F231C6F5F66005E90C8 /* JumuNordostTests.xctest */ = {isa = PBXFileReference; explicitFileType = wrapper.cfbundle; includeInIndex = 0; path = JumuNordostTests.xctest; sourceTree = BUILT_PRODUCTS_DIR; };
		5BC71F271C6F5F66005E90C8 /* JumuNordostTests.swift */ = {isa = PBXFileReference; lastKnownFileType = sourcecode.swift; path = JumuNordostTests.swift; sourceTree = "<group>"; };
		5BC71F291C6F5F66005E90C8 /* Info.plist */ = {isa = PBXFileReference; lastKnownFileType = text.plist.xml; path = Info.plist; sourceTree = "<group>"; };
		5BC848EB1C7E66F800D4CA43 /* ListPerformanceFormatter.swift */ = {isa = PBXFileReference; fileEncoding = 4; lastKnownFileType = sourcecode.swift; path = ListPerformanceFormatter.swift; sourceTree = "<group>"; };
		5BC848ED1C7E6A9000D4CA43 /* ContestFormatter.swift */ = {isa = PBXFileReference; fileEncoding = 4; lastKnownFileType = sourcecode.swift; path = ContestFormatter.swift; sourceTree = "<group>"; };
		5BDEDE251C8646E300F1F1E1 /* AppearanceFormatter.swift */ = {isa = PBXFileReference; fileEncoding = 4; lastKnownFileType = sourcecode.swift; path = AppearanceFormatter.swift; sourceTree = "<group>"; };
		5BF7D2211C8B4030009A4696 /* UIViewController.swift */ = {isa = PBXFileReference; fileEncoding = 4; lastKnownFileType = sourcecode.swift; path = UIViewController.swift; sourceTree = "<group>"; };
		5BFA75FC1C87B4D900EF8B5C /* Changeset.swift */ = {isa = PBXFileReference; fileEncoding = 4; lastKnownFileType = sourcecode.swift; path = Changeset.swift; sourceTree = "<group>"; };
		5BFA75FE1C87B4F700EF8B5C /* Array.swift */ = {isa = PBXFileReference; fileEncoding = 4; lastKnownFileType = sourcecode.swift; path = Array.swift; sourceTree = "<group>"; };
		5BFA76001C87BB4B00EF8B5C /* UITableView.swift */ = {isa = PBXFileReference; fileEncoding = 4; lastKnownFileType = sourcecode.swift; path = UITableView.swift; sourceTree = "<group>"; };
		5BFA76021C8A42A100EF8B5C /* DZNEmptyDataSet.framework */ = {isa = PBXFileReference; lastKnownFileType = wrapper.framework; name = DZNEmptyDataSet.framework; path = Carthage/Build/iOS/DZNEmptyDataSet.framework; sourceTree = "<group>"; };
/* End PBXFileReference section */

/* Begin PBXFrameworksBuildPhase section */
		5BC71F0C1C6F5F66005E90C8 /* Frameworks */ = {
			isa = PBXFrameworksBuildPhase;
			buildActionMask = 2147483647;
			files = (
				5BAC51F51C6F7C450098B9C8 /* Argo.framework in Frameworks */,
				5B843C841C78836800048552 /* Cartography.framework in Frameworks */,
				5B843C781C71179400048552 /* Curry.framework in Frameworks */,
				5BFA76031C8A42A100EF8B5C /* DZNEmptyDataSet.framework in Frameworks */,
				5BAC51FB1C6FF0350098B9C8 /* ReactiveCocoa.framework in Frameworks */,
				5BAC51FC1C6FF0350098B9C8 /* Result.framework in Frameworks */,
			);
			runOnlyForDeploymentPostprocessing = 0;
		};
		5BC71F201C6F5F66005E90C8 /* Frameworks */ = {
			isa = PBXFrameworksBuildPhase;
			buildActionMask = 2147483647;
			files = (
			);
			runOnlyForDeploymentPostprocessing = 0;
		};
/* End PBXFrameworksBuildPhase section */

/* Begin PBXGroup section */
		5B6BA2C61E2111760063252C /* Root */ = {
			isa = PBXGroup;
			children = (
				5B6BA2C71E21118A0063252C /* RootViewController.swift */,
				5B6BA2C91E21564C0063252C /* RootMediator.swift */,
			);
			name = Root;
			sourceTree = "<group>";
		};
		5B6BA2CB1E2193560063252C /* Result List */ = {
			isa = PBXGroup;
			children = (
				5B6BA2CC1E2193740063252C /* ResultListMediator.swift */,
				5B6BA2CE1E2193890063252C /* ResultListViewController.swift */,
				0FDAC7681E28B3F600C175C5 /* ContestCategoryCell.swift */,
			);
			name = "Result List";
			sourceTree = "<group>";
		};
		5B843C6E1C71102F00048552 /* Contests */ = {
			isa = PBXGroup;
			children = (
				5BAC51E91C6F71A80098B9C8 /* ContestListMediator.swift */,
				5BC848ED1C7E6A9000D4CA43 /* ContestFormatter.swift */,
				5BAC51DA1C6F68430098B9C8 /* ContestListViewController.swift */,
				5B9B7F121C87972800ED33C2 /* ContentListHeaderView.swift */,
				5BAC51FD1C70D8820098B9C8 /* ContestCell.swift */,
			);
			name = Contests;
			sourceTree = "<group>";
		};
		5B843C711C71104C00048552 /* Performance List */ = {
			isa = PBXGroup;
			children = (
				5B843C6F1C71104200048552 /* PerformanceListMediator.swift */,
				5BC848EB1C7E66F800D4CA43 /* ListPerformanceFormatter.swift */,
				5B843C791C7119DD00048552 /* PerformanceListViewController.swift */,
				5B843C811C787CC300048552 /* PerformanceFilterView.swift */,
				5B843C911C79DCAA00048552 /* PerformanceCell.swift */,
			);
			name = "Performance List";
			sourceTree = "<group>";
		};
		5B843C721C71109700048552 /* Common */ = {
			isa = PBXGroup;
			children = (
				5B843C731C7110A600048552 /* Mediator.swift */,
				5BDEDE251C8646E300F1F1E1 /* AppearanceFormatter.swift */,
				5B2B5B7F1C7D1746002E576F /* Label.swift */,
			);
			name = Common;
			sourceTree = "<group>";
		};
		5B843C951C7A3F9700048552 /* Performance */ = {
			isa = PBXGroup;
			children = (
				5B843C981C7A40B400048552 /* PerformanceMediator.swift */,
				5BC06AC31C81CBD5007A9026 /* PerformanceFormatter.swift */,
				5BC06AC71C81CFBC007A9026 /* PieceFormatter.swift */,
				5B843C961C7A408E00048552 /* PerformanceViewController.swift */,
				5B2B5B7D1C7D1713002E576F /* PerformanceView.swift */,
				5BC06AC51C81CEF2007A9026 /* PieceView.swift */,
				5BC06AC91C81E061007A9026 /* SeparatorView.swift */,
			);
			name = Performance;
			sourceTree = "<group>";
		};
		5BAC51D01C6F67030098B9C8 /* Resources */ = {
			isa = PBXGroup;
			children = (
				5BAC51D21C6F67510098B9C8 /* Assets.xcassets */,
				5B843CA41C7B5AC600048552 /* Fonts */,
				5BAC51D61C6F67A90098B9C8 /* LaunchScreen.storyboard */,
				5B843C8D1C79CA8D00048552 /* Localizable.strings */,
				5B7F1C281C8B6E7F003BBFC8 /* Credentials.plist */,
			);
			path = Resources;
			sourceTree = "<group>";
		};
		5BAC51D91C6F680E0098B9C8 /* Application */ = {
			isa = PBXGroup;
			children = (
				5B843C721C71109700048552 /* Common */,
				5B6BA2C61E2111760063252C /* Root */,
				5B843C6E1C71102F00048552 /* Contests */,
				5B843C711C71104C00048552 /* Performance List */,
				5B843C951C7A3F9700048552 /* Performance */,
				5B6BA2CB1E2193560063252C /* Result List */,
			);
			path = Application;
			sourceTree = "<group>";
		};
		5BAC51DE1C6F6A710098B9C8 /* Helpers */ = {
			isa = PBXGroup;
			children = (
				5BFA75FE1C87B4F700EF8B5C /* Array.swift */,
				5B843C7F1C77CED400048552 /* Color.swift */,
				5BAC51E21C6F6D650098B9C8 /* Constant.swift */,
				5B7F1C2A1C8B6F36003BBFC8 /* Credentials.swift */,
				5B843C931C7A02CE00048552 /* Decodables.swift */,
				5B843CA61C7B5E3300048552 /* Font.swift */,
				5BAC51FF1C70E4E80098B9C8 /* Localization.swift */,
				5BA61A081C7BD2FC0055E5DC /* String.swift */,
				5BFA76001C87BB4B00EF8B5C /* UITableView.swift */,
				5BF7D2211C8B4030009A4696 /* UIViewController.swift */,
			);
			path = Helpers;
			sourceTree = "<group>";
		};
		5BAC51E11C6F6D3C0098B9C8 /* Stores */ = {
			isa = PBXGroup;
			children = (
				5BAC51F71C6FEDF00098B9C8 /* StoreType.swift */,
				5BAC51E71C6F6DD40098B9C8 /* Store.swift */,
			);
			path = Stores;
			sourceTree = "<group>";
		};
		5BAC51E41C6F6D7A0098B9C8 /* Models */ = {
			isa = PBXGroup;
			children = (
				5B843C9A1C7A438C00048552 /* Appearance.swift */,
				5BFA75FC1C87B4D900EF8B5C /* Changeset.swift */,
				5BAC51E51C6F6D9E0098B9C8 /* Contest.swift */,
				0FDAC7661E28B2DA00C175C5 /* ContestCategory.swift */,
				5B843C751C71167700048552 /* Performance.swift */,
				5B2B5B7B1C7D0EF6002E576F /* Piece.swift */,
				5BAC51EB1C6F77320098B9C8 /* Venue.swift */,
			);
			path = Models;
			sourceTree = "<group>";
		};
		5BAC51F61C6F7C490098B9C8 /* Frameworks */ = {
			isa = PBXGroup;
			children = (
				5BAC51F41C6F7C450098B9C8 /* Argo.framework */,
				5B843C831C78836800048552 /* Cartography.framework */,
				5B843C771C71179400048552 /* Curry.framework */,
				5BFA76021C8A42A100EF8B5C /* DZNEmptyDataSet.framework */,
				5BAC51F91C6FF0350098B9C8 /* ReactiveCocoa.framework */,
				5BAC51FA1C6FF0350098B9C8 /* Result.framework */,
			);
			name = Frameworks;
			sourceTree = "<group>";
		};
		5BC71F061C6F5F66005E90C8 = {
			isa = PBXGroup;
			children = (
				5BAC51F61C6F7C490098B9C8 /* Frameworks */,
				5BC71F111C6F5F66005E90C8 /* JumuNordost */,
				5BC71F261C6F5F66005E90C8 /* JumuNordostTests */,
				5BC71F101C6F5F66005E90C8 /* Products */,
			);
			sourceTree = "<group>";
		};
		5BC71F101C6F5F66005E90C8 /* Products */ = {
			isa = PBXGroup;
			children = (
				5BC71F0F1C6F5F66005E90C8 /* JumuNordost.app */,
				5BC71F231C6F5F66005E90C8 /* JumuNordostTests.xctest */,
			);
			name = Products;
			sourceTree = "<group>";
		};
		5BC71F111C6F5F66005E90C8 /* JumuNordost */ = {
			isa = PBXGroup;
			children = (
				5BC71F121C6F5F66005E90C8 /* AppDelegate.swift */,
				5BC71F1E1C6F5F66005E90C8 /* Info.plist */,
				5BAC51D91C6F680E0098B9C8 /* Application */,
				5BAC51E41C6F6D7A0098B9C8 /* Models */,
				5BAC51E11C6F6D3C0098B9C8 /* Stores */,
				5BAC51DE1C6F6A710098B9C8 /* Helpers */,
				5BAC51D01C6F67030098B9C8 /* Resources */,
			);
			path = JumuNordost;
			sourceTree = "<group>";
		};
		5BC71F261C6F5F66005E90C8 /* JumuNordostTests */ = {
			isa = PBXGroup;
			children = (
				5BC71F271C6F5F66005E90C8 /* JumuNordostTests.swift */,
				5BC71F291C6F5F66005E90C8 /* Info.plist */,
			);
			path = JumuNordostTests;
			sourceTree = "<group>";
		};
/* End PBXGroup section */

/* Begin PBXNativeTarget section */
		5BC71F0E1C6F5F66005E90C8 /* JumuNordost */ = {
			isa = PBXNativeTarget;
			buildConfigurationList = 5BC71F2C1C6F5F66005E90C8 /* Build configuration list for PBXNativeTarget "JumuNordost" */;
			buildPhases = (
				5BC71F0B1C6F5F66005E90C8 /* Sources */,
				5BC71F0C1C6F5F66005E90C8 /* Frameworks */,
				5BC71F0D1C6F5F66005E90C8 /* Resources */,
				5BAC51F01C6F79F70098B9C8 /* ShellScript */,
			);
			buildRules = (
			);
			dependencies = (
			);
			name = JumuNordost;
			productName = JumuNordost;
			productReference = 5BC71F0F1C6F5F66005E90C8 /* JumuNordost.app */;
			productType = "com.apple.product-type.application";
		};
		5BC71F221C6F5F66005E90C8 /* JumuNordostTests */ = {
			isa = PBXNativeTarget;
			buildConfigurationList = 5BC71F2F1C6F5F66005E90C8 /* Build configuration list for PBXNativeTarget "JumuNordostTests" */;
			buildPhases = (
				5BC71F1F1C6F5F66005E90C8 /* Sources */,
				5BC71F201C6F5F66005E90C8 /* Frameworks */,
				5BC71F211C6F5F66005E90C8 /* Resources */,
			);
			buildRules = (
			);
			dependencies = (
				5BC71F251C6F5F66005E90C8 /* PBXTargetDependency */,
			);
			name = JumuNordostTests;
			productName = JumuNordostTests;
			productReference = 5BC71F231C6F5F66005E90C8 /* JumuNordostTests.xctest */;
			productType = "com.apple.product-type.bundle.unit-test";
		};
/* End PBXNativeTarget section */

/* Begin PBXProject section */
		5BC71F071C6F5F66005E90C8 /* Project object */ = {
			isa = PBXProject;
			attributes = {
				LastSwiftUpdateCheck = 0720;
				LastUpgradeCheck = 0800;
				ORGANIZATIONNAME = "Martin Richter";
				TargetAttributes = {
					5BC71F0E1C6F5F66005E90C8 = {
						CreatedOnToolsVersion = 7.2.1;
						DevelopmentTeam = 544BVFC682;
						LastSwiftMigration = 0800;
					};
					5BC71F221C6F5F66005E90C8 = {
						CreatedOnToolsVersion = 7.2.1;
						DevelopmentTeam = 544BVFC682;
						LastSwiftMigration = 0800;
						TestTargetID = 5BC71F0E1C6F5F66005E90C8;
					};
				};
			};
			buildConfigurationList = 5BC71F0A1C6F5F66005E90C8 /* Build configuration list for PBXProject "JumuNordost" */;
			compatibilityVersion = "Xcode 3.2";
			developmentRegion = de;
			hasScannedForEncodings = 0;
			knownRegions = (
				Base,
				de,
			);
			mainGroup = 5BC71F061C6F5F66005E90C8;
			productRefGroup = 5BC71F101C6F5F66005E90C8 /* Products */;
			projectDirPath = "";
			projectRoot = "";
			targets = (
				5BC71F0E1C6F5F66005E90C8 /* JumuNordost */,
				5BC71F221C6F5F66005E90C8 /* JumuNordostTests */,
			);
		};
/* End PBXProject section */

/* Begin PBXResourcesBuildPhase section */
		5BC71F0D1C6F5F66005E90C8 /* Resources */ = {
			isa = PBXResourcesBuildPhase;
			buildActionMask = 2147483647;
			files = (
				5BAC51D41C6F67510098B9C8 /* Assets.xcassets in Resources */,
				5B7F1C291C8B6E7F003BBFC8 /* Credentials.plist in Resources */,
				5B843C8B1C79CA8D00048552 /* Localizable.strings in Resources */,
				5BAC51D81C6F67A90098B9C8 /* LaunchScreen.storyboard in Resources */,
				5B843CA51C7B5AC600048552 /* Fonts in Resources */,
			);
			runOnlyForDeploymentPostprocessing = 0;
		};
		5BC71F211C6F5F66005E90C8 /* Resources */ = {
			isa = PBXResourcesBuildPhase;
			buildActionMask = 2147483647;
			files = (
			);
			runOnlyForDeploymentPostprocessing = 0;
		};
/* End PBXResourcesBuildPhase section */

/* Begin PBXShellScriptBuildPhase section */
		5BAC51F01C6F79F70098B9C8 /* ShellScript */ = {
			isa = PBXShellScriptBuildPhase;
			buildActionMask = 2147483647;
			files = (
			);
			inputPaths = (
				"$(SRCROOT)/Carthage/Build/iOS/Argo.framework",
				"$(SRCROOT)/Carthage/Build/iOS/ReactiveCocoa.framework",
				"$(SRCROOT)/Carthage/Build/iOS/Result.framework",
				"$(SRCROOT)/Carthage/Build/iOS/Curry.framework",
				"$(SRCROOT)/Carthage/Build/iOS/Cartography.framework",
				"$(SRCROOT)/Carthage/Build/iOS/DZNEmptyDataSet.framework",
			);
			outputPaths = (
			);
			runOnlyForDeploymentPostprocessing = 0;
			shellPath = /bin/sh;
			shellScript = "/usr/local/bin/carthage copy-frameworks ";
		};
/* End PBXShellScriptBuildPhase section */

/* Begin PBXSourcesBuildPhase section */
		5BC71F0B1C6F5F66005E90C8 /* Sources */ = {
			isa = PBXSourcesBuildPhase;
			buildActionMask = 2147483647;
			files = (
				5BC06ACA1C81E061007A9026 /* SeparatorView.swift in Sources */,
				5B843C921C79DCAA00048552 /* PerformanceCell.swift in Sources */,
				5B843C991C7A40B400048552 /* PerformanceMediator.swift in Sources */,
				5B6BA2CD1E2193740063252C /* ResultListMediator.swift in Sources */,
				5B6BA2CF1E2193890063252C /* ResultListViewController.swift in Sources */,
				0FDAC7691E28B3F600C175C5 /* ContestCategoryCell.swift in Sources */,
				5B6BA2CA1E21564C0063252C /* RootMediator.swift in Sources */,
				5B843C821C787CC300048552 /* PerformanceFilterView.swift in Sources */,
				5B843CA71C7B5E3300048552 /* Font.swift in Sources */,
				5B843C941C7A02CE00048552 /* Decodables.swift in Sources */,
				5BC06AC61C81CEF2007A9026 /* PieceView.swift in Sources */,
				5BAC51E81C6F6DD40098B9C8 /* Store.swift in Sources */,
				5BFA75FD1C87B4D900EF8B5C /* Changeset.swift in Sources */,
				5BAC51F81C6FEDF00098B9C8 /* StoreType.swift in Sources */,
				5BC848EC1C7E66F800D4CA43 /* ListPerformanceFormatter.swift in Sources */,
				5BC06AC81C81CFBC007A9026 /* PieceFormatter.swift in Sources */,
				5BAC51E61C6F6D9E0098B9C8 /* Contest.swift in Sources */,
				5B843C9B1C7A438C00048552 /* Appearance.swift in Sources */,
				5BC71F131C6F5F66005E90C8 /* AppDelegate.swift in Sources */,
				5B843C7A1C7119DD00048552 /* PerformanceListViewController.swift in Sources */,
				5B843C801C77CED400048552 /* Color.swift in Sources */,
				5B2B5B7C1C7D0EF6002E576F /* Piece.swift in Sources */,
				5BAC51EC1C6F77320098B9C8 /* Venue.swift in Sources */,
				5BFA75FF1C87B4F700EF8B5C /* Array.swift in Sources */,
				5BA61A091C7BD2FC0055E5DC /* String.swift in Sources */,
				5BAC51FE1C70D8820098B9C8 /* ContestCell.swift in Sources */,
				5BDEDE261C8646E300F1F1E1 /* AppearanceFormatter.swift in Sources */,
				5B843C741C7110A600048552 /* Mediator.swift in Sources */,
				5B9B7F131C87972800ED33C2 /* ContentListHeaderView.swift in Sources */,
				5BF7D2221C8B4030009A4696 /* UIViewController.swift in Sources */,
				5BC06AC41C81CBD5007A9026 /* PerformanceFormatter.swift in Sources */,
				5BAC51DB1C6F68430098B9C8 /* ContestListViewController.swift in Sources */,
				5B843C761C71167700048552 /* Performance.swift in Sources */,
				5BFA76011C87BB4B00EF8B5C /* UITableView.swift in Sources */,
				5B6BA2C81E21118A0063252C /* RootViewController.swift in Sources */,
				0FDAC7671E28B2DA00C175C5 /* ContestCategory.swift in Sources */,
				5B7F1C2B1C8B6F36003BBFC8 /* Credentials.swift in Sources */,
				5BAC52001C70E4E80098B9C8 /* Localization.swift in Sources */,
				5BAC51E31C6F6D650098B9C8 /* Constant.swift in Sources */,
				5B843C701C71104200048552 /* PerformanceListMediator.swift in Sources */,
				5B2B5B801C7D1746002E576F /* Label.swift in Sources */,
				5B2B5B7E1C7D1713002E576F /* PerformanceView.swift in Sources */,
				5BC848EE1C7E6A9000D4CA43 /* ContestFormatter.swift in Sources */,
				5BAC51EA1C6F71A80098B9C8 /* ContestListMediator.swift in Sources */,
				5B843C971C7A408E00048552 /* PerformanceViewController.swift in Sources */,
			);
			runOnlyForDeploymentPostprocessing = 0;
		};
		5BC71F1F1C6F5F66005E90C8 /* Sources */ = {
			isa = PBXSourcesBuildPhase;
			buildActionMask = 2147483647;
			files = (
				5BC71F281C6F5F66005E90C8 /* JumuNordostTests.swift in Sources */,
			);
			runOnlyForDeploymentPostprocessing = 0;
		};
/* End PBXSourcesBuildPhase section */

/* Begin PBXTargetDependency section */
		5BC71F251C6F5F66005E90C8 /* PBXTargetDependency */ = {
			isa = PBXTargetDependency;
			target = 5BC71F0E1C6F5F66005E90C8 /* JumuNordost */;
			targetProxy = 5BC71F241C6F5F66005E90C8 /* PBXContainerItemProxy */;
		};
/* End PBXTargetDependency section */

/* Begin PBXVariantGroup section */
		5B843C8D1C79CA8D00048552 /* Localizable.strings */ = {
			isa = PBXVariantGroup;
			children = (
				5B843C8E1C79CA9200048552 /* de */,
			);
			name = Localizable.strings;
			sourceTree = "<group>";
		};
		5BAC51D61C6F67A90098B9C8 /* LaunchScreen.storyboard */ = {
			isa = PBXVariantGroup;
			children = (
				5BAC51D71C6F67A90098B9C8 /* Base */,
			);
			name = LaunchScreen.storyboard;
			sourceTree = "<group>";
		};
/* End PBXVariantGroup section */

/* Begin XCBuildConfiguration section */
		5BC71F2A1C6F5F66005E90C8 /* Debug */ = {
			isa = XCBuildConfiguration;
			buildSettings = {
				ALWAYS_SEARCH_USER_PATHS = NO;
				CLANG_CXX_LANGUAGE_STANDARD = "gnu++0x";
				CLANG_CXX_LIBRARY = "libc++";
				CLANG_ENABLE_MODULES = YES;
				CLANG_ENABLE_OBJC_ARC = YES;
				CLANG_WARN_BOOL_CONVERSION = YES;
				CLANG_WARN_CONSTANT_CONVERSION = YES;
				CLANG_WARN_DIRECT_OBJC_ISA_USAGE = YES_ERROR;
				CLANG_WARN_EMPTY_BODY = YES;
				CLANG_WARN_ENUM_CONVERSION = YES;
				CLANG_WARN_INFINITE_RECURSION = YES;
				CLANG_WARN_INT_CONVERSION = YES;
				CLANG_WARN_OBJC_ROOT_CLASS = YES_ERROR;
				CLANG_WARN_SUSPICIOUS_MOVE = YES;
				CLANG_WARN_UNREACHABLE_CODE = YES;
				CLANG_WARN__DUPLICATE_METHOD_MATCH = YES;
				"CODE_SIGN_IDENTITY[sdk=iphoneos*]" = "iPhone Developer";
				COPY_PHASE_STRIP = NO;
				DEBUG_INFORMATION_FORMAT = dwarf;
				ENABLE_STRICT_OBJC_MSGSEND = YES;
				ENABLE_TESTABILITY = YES;
				GCC_C_LANGUAGE_STANDARD = gnu99;
				GCC_DYNAMIC_NO_PIC = NO;
				GCC_NO_COMMON_BLOCKS = YES;
				GCC_OPTIMIZATION_LEVEL = 0;
				GCC_PREPROCESSOR_DEFINITIONS = (
					"DEBUG=1",
					"$(inherited)",
				);
				GCC_WARN_64_TO_32_BIT_CONVERSION = YES;
				GCC_WARN_ABOUT_RETURN_TYPE = YES_ERROR;
				GCC_WARN_UNDECLARED_SELECTOR = YES;
				GCC_WARN_UNINITIALIZED_AUTOS = YES_AGGRESSIVE;
				GCC_WARN_UNUSED_FUNCTION = YES;
				GCC_WARN_UNUSED_VARIABLE = YES;
				IPHONEOS_DEPLOYMENT_TARGET = 9.0;
				MTL_ENABLE_DEBUG_INFO = YES;
				ONLY_ACTIVE_ARCH = YES;
				SDKROOT = iphoneos;
				SWIFT_OPTIMIZATION_LEVEL = "-Onone";
			};
			name = Debug;
		};
		5BC71F2B1C6F5F66005E90C8 /* Release */ = {
			isa = XCBuildConfiguration;
			buildSettings = {
				ALWAYS_SEARCH_USER_PATHS = NO;
				CLANG_CXX_LANGUAGE_STANDARD = "gnu++0x";
				CLANG_CXX_LIBRARY = "libc++";
				CLANG_ENABLE_MODULES = YES;
				CLANG_ENABLE_OBJC_ARC = YES;
				CLANG_WARN_BOOL_CONVERSION = YES;
				CLANG_WARN_CONSTANT_CONVERSION = YES;
				CLANG_WARN_DIRECT_OBJC_ISA_USAGE = YES_ERROR;
				CLANG_WARN_EMPTY_BODY = YES;
				CLANG_WARN_ENUM_CONVERSION = YES;
				CLANG_WARN_INFINITE_RECURSION = YES;
				CLANG_WARN_INT_CONVERSION = YES;
				CLANG_WARN_OBJC_ROOT_CLASS = YES_ERROR;
				CLANG_WARN_SUSPICIOUS_MOVE = YES;
				CLANG_WARN_UNREACHABLE_CODE = YES;
				CLANG_WARN__DUPLICATE_METHOD_MATCH = YES;
				"CODE_SIGN_IDENTITY[sdk=iphoneos*]" = "iPhone Distribution";
				COPY_PHASE_STRIP = NO;
				DEBUG_INFORMATION_FORMAT = "dwarf-with-dsym";
				ENABLE_NS_ASSERTIONS = NO;
				ENABLE_STRICT_OBJC_MSGSEND = YES;
				GCC_C_LANGUAGE_STANDARD = gnu99;
				GCC_NO_COMMON_BLOCKS = YES;
				GCC_WARN_64_TO_32_BIT_CONVERSION = YES;
				GCC_WARN_ABOUT_RETURN_TYPE = YES_ERROR;
				GCC_WARN_UNDECLARED_SELECTOR = YES;
				GCC_WARN_UNINITIALIZED_AUTOS = YES_AGGRESSIVE;
				GCC_WARN_UNUSED_FUNCTION = YES;
				GCC_WARN_UNUSED_VARIABLE = YES;
				IPHONEOS_DEPLOYMENT_TARGET = 9.0;
				MTL_ENABLE_DEBUG_INFO = NO;
				SDKROOT = iphoneos;
				SWIFT_OPTIMIZATION_LEVEL = "-Owholemodule";
				VALIDATE_PRODUCT = YES;
			};
			name = Release;
		};
		5BC71F2D1C6F5F66005E90C8 /* Debug */ = {
			isa = XCBuildConfiguration;
			buildSettings = {
				ASSETCATALOG_COMPILER_APPICON_NAME = AppIcon;
				BUNDLE_DISPLAY_NAME = "Jumu Nordost";
				DEVELOPMENT_TEAM = 544BVFC682;
				FRAMEWORK_SEARCH_PATHS = (
					"$(inherited)",
					"$(PROJECT_DIR)/Carthage/Build/iOS",
				);
				INFOPLIST_FILE = JumuNordost/Info.plist;
				LD_RUNPATH_SEARCH_PATHS = "$(inherited) @executable_path/Frameworks";
				PRODUCT_BUNDLE_IDENTIFIER = "jugend-musiziert.jumu-nordost";
				PRODUCT_NAME = "$(TARGET_NAME)";
				SWIFT_VERSION = 2.3;
			};
			name = Debug;
		};
		5BC71F2E1C6F5F66005E90C8 /* Release */ = {
			isa = XCBuildConfiguration;
			buildSettings = {
				ASSETCATALOG_COMPILER_APPICON_NAME = AppIcon;
				BUNDLE_DISPLAY_NAME = "Jumu Nordost";
				DEVELOPMENT_TEAM = 544BVFC682;
				FRAMEWORK_SEARCH_PATHS = (
					"$(inherited)",
					"$(PROJECT_DIR)/Carthage/Build/iOS",
				);
				INFOPLIST_FILE = JumuNordost/Info.plist;
				LD_RUNPATH_SEARCH_PATHS = "$(inherited) @executable_path/Frameworks";
				PRODUCT_BUNDLE_IDENTIFIER = "jugend-musiziert.jumu-nordost";
				PRODUCT_NAME = "$(TARGET_NAME)";
				SWIFT_VERSION = 2.3;
			};
			name = Release;
		};
		5BC71F301C6F5F66005E90C8 /* Debug */ = {
			isa = XCBuildConfiguration;
			buildSettings = {
				BUNDLE_LOADER = "$(TEST_HOST)";
				DEVELOPMENT_TEAM = 544BVFC682;
				INFOPLIST_FILE = JumuNordostTests/Info.plist;
				LD_RUNPATH_SEARCH_PATHS = "$(inherited) @executable_path/Frameworks @loader_path/Frameworks";
				PRODUCT_BUNDLE_IDENTIFIER = net.martinrichter.JumuNordostTests;
				PRODUCT_NAME = "$(TARGET_NAME)";
				SWIFT_VERSION = 2.3;
				TEST_HOST = "$(BUILT_PRODUCTS_DIR)/JumuNordost.app/JumuNordost";
			};
			name = Debug;
		};
		5BC71F311C6F5F66005E90C8 /* Release */ = {
			isa = XCBuildConfiguration;
			buildSettings = {
				BUNDLE_LOADER = "$(TEST_HOST)";
				DEVELOPMENT_TEAM = 544BVFC682;
				INFOPLIST_FILE = JumuNordostTests/Info.plist;
				LD_RUNPATH_SEARCH_PATHS = "$(inherited) @executable_path/Frameworks @loader_path/Frameworks";
				PRODUCT_BUNDLE_IDENTIFIER = net.martinrichter.JumuNordostTests;
				PRODUCT_NAME = "$(TARGET_NAME)";
				SWIFT_VERSION = 2.3;
				TEST_HOST = "$(BUILT_PRODUCTS_DIR)/JumuNordost.app/JumuNordost";
			};
			name = Release;
		};
/* End XCBuildConfiguration section */

/* Begin XCConfigurationList section */
		5BC71F0A1C6F5F66005E90C8 /* Build configuration list for PBXProject "JumuNordost" */ = {
			isa = XCConfigurationList;
			buildConfigurations = (
				5BC71F2A1C6F5F66005E90C8 /* Debug */,
				5BC71F2B1C6F5F66005E90C8 /* Release */,
			);
			defaultConfigurationIsVisible = 0;
			defaultConfigurationName = Release;
		};
		5BC71F2C1C6F5F66005E90C8 /* Build configuration list for PBXNativeTarget "JumuNordost" */ = {
			isa = XCConfigurationList;
			buildConfigurations = (
				5BC71F2D1C6F5F66005E90C8 /* Debug */,
				5BC71F2E1C6F5F66005E90C8 /* Release */,
			);
			defaultConfigurationIsVisible = 0;
			defaultConfigurationName = Release;
		};
		5BC71F2F1C6F5F66005E90C8 /* Build configuration list for PBXNativeTarget "JumuNordostTests" */ = {
			isa = XCConfigurationList;
			buildConfigurations = (
				5BC71F301C6F5F66005E90C8 /* Debug */,
				5BC71F311C6F5F66005E90C8 /* Release */,
			);
			defaultConfigurationIsVisible = 0;
			defaultConfigurationName = Release;
		};
/* End XCConfigurationList section */
	};
	rootObject = 5BC71F071C6F5F66005E90C8 /* Project object */;
}
